// !$*UTF8*$!
{
	archiveVersion = 1;
	classes = {
	};
	objectVersion = 56;
	objects = {

/* Begin PBXBuildFile section */
		FD00BD752D79BDA00067EA83 /* enum.swift in Sources */ = {isa = PBXBuildFile; fileRef = FD00BD742D79BDA00067EA83 /* enum.swift */; };
		FD2619FB2D78652900AA2478 /* main.swift in Sources */ = {isa = PBXBuildFile; fileRef = FD2619FA2D78652900AA2478 /* main.swift */; };
		FD53FCAD2D7B21F40055E4CB /* keyPath.swift in Sources */ = {isa = PBXBuildFile; fileRef = FD53FCAC2D7B21F40055E4CB /* keyPath.swift */; };
		FD53FCB22D7B383B0055E4CB /* extensions.swift in Sources */ = {isa = PBXBuildFile; fileRef = FD53FCB12D7B383B0055E4CB /* extensions.swift */; };
		FDE5CE462D79E07F00532EBD /* assotiated_type_with_enum.swift in Sources */ = {isa = PBXBuildFile; fileRef = FDE5CE452D79E07F00532EBD /* assotiated_type_with_enum.swift */; };
		FDE5CE482D79E68E00532EBD /* indirect_enum.swift in Sources */ = {isa = PBXBuildFile; fileRef = FDE5CE472D79E68E00532EBD /* indirect_enum.swift */; };
		FDE5CE4C2D79EA7800532EBD /* task_closures.swift in Sources */ = {isa = PBXBuildFile; fileRef = FDE5CE4B2D79EA7800532EBD /* task_closures.swift */; };
/* End PBXBuildFile section */

/* Begin PBXCopyFilesBuildPhase section */
		FD2619F52D78652900AA2478 /* CopyFiles */ = {
			isa = PBXCopyFilesBuildPhase;
			buildActionMask = 2147483647;
			dstPath = /usr/share/man/man1/;
			dstSubfolderSpec = 0;
			files = (
			);
			runOnlyForDeploymentPostprocessing = 1;
		};
/* End PBXCopyFilesBuildPhase section */

/* Begin PBXFileReference section */
		FD00BD742D79BDA00067EA83 /* enum.swift */ = {isa = PBXFileReference; lastKnownFileType = sourcecode.swift; path = enum.swift; sourceTree = "<group>"; };
		FD2619F72D78652900AA2478 /* stitingWork */ = {isa = PBXFileReference; explicitFileType = "compiled.mach-o.executable"; includeInIndex = 0; path = stitingWork; sourceTree = BUILT_PRODUCTS_DIR; };
		FD2619FA2D78652900AA2478 /* main.swift */ = {isa = PBXFileReference; lastKnownFileType = sourcecode.swift; path = main.swift; sourceTree = "<group>"; };
		FD53FCAC2D7B21F40055E4CB /* keyPath.swift */ = {isa = PBXFileReference; lastKnownFileType = sourcecode.swift; path = keyPath.swift; sourceTree = "<group>"; };
		FD53FCB12D7B383B0055E4CB /* extensions.swift */ = {isa = PBXFileReference; lastKnownFileType = sourcecode.swift; path = extensions.swift; sourceTree = "<group>"; };
		FDE5CE452D79E07F00532EBD /* assotiated_type_with_enum.swift */ = {isa = PBXFileReference; lastKnownFileType = sourcecode.swift; path = assotiated_type_with_enum.swift; sourceTree = "<group>"; };
		FDE5CE472D79E68E00532EBD /* indirect_enum.swift */ = {isa = PBXFileReference; lastKnownFileType = sourcecode.swift; path = indirect_enum.swift; sourceTree = "<group>"; };
		FDE5CE4B2D79EA7800532EBD /* task_closures.swift */ = {isa = PBXFileReference; lastKnownFileType = sourcecode.swift; path = task_closures.swift; sourceTree = "<group>"; };
/* End PBXFileReference section */

/* Begin PBXFrameworksBuildPhase section */
		FD2619F42D78652900AA2478 /* Frameworks */ = {
			isa = PBXFrameworksBuildPhase;
			buildActionMask = 2147483647;
			files = (
			);
			runOnlyForDeploymentPostprocessing = 0;
		};
/* End PBXFrameworksBuildPhase section */

/* Begin PBXGroup section */
		FD2619EE2D78652900AA2478 = {
			isa = PBXGroup;
			children = (
				FD2619F92D78652900AA2478 /* stitingWork */,
				FD2619F82D78652900AA2478 /* Products */,
			);
			sourceTree = "<group>";
		};
		FD2619F82D78652900AA2478 /* Products */ = {
			isa = PBXGroup;
			children = (
				FD2619F72D78652900AA2478 /* stitingWork */,
			);
			name = Products;
			sourceTree = "<group>";
		};
		FD2619F92D78652900AA2478 /* stitingWork */ = {
			isa = PBXGroup;
			children = (
				FD2619FA2D78652900AA2478 /* main.swift */,
				FD53FCB02D7B382D0055E4CB /* extensions */,
				FD53FCAB2D7B21E00055E4CB /* keyPaths */,
				FDE5CE492D79E6A100532EBD /* enums */,
				FDE5CE4A2D79E6AF00532EBD /* closures */,
			);
			path = stitingWork;
			sourceTree = "<group>";
		};
		FD53FCAB2D7B21E00055E4CB /* keyPaths */ = {
			isa = PBXGroup;
			children = (
				FD53FCAC2D7B21F40055E4CB /* keyPath.swift */,
			);
			path = keyPaths;
			sourceTree = "<group>";
		};
		FD53FCB02D7B382D0055E4CB /* extensions */ = {
			isa = PBXGroup;
			children = (
				FD53FCB12D7B383B0055E4CB /* extensions.swift */,
			);
			path = extensions;
			sourceTree = "<group>";
		};
		FDE5CE492D79E6A100532EBD /* enums */ = {
			isa = PBXGroup;
			children = (
				FDE5CE452D79E07F00532EBD /* assotiated_type_with_enum.swift */,
				FDE5CE472D79E68E00532EBD /* indirect_enum.swift */,
				FD00BD742D79BDA00067EA83 /* enum.swift */,
			);
			path = enums;
			sourceTree = "<group>";
		};
		FDE5CE4A2D79E6AF00532EBD /* closures */ = {
			isa = PBXGroup;
			children = (
				FDE5CE4B2D79EA7800532EBD /* task_closures.swift */,
			);
			path = closures;
			sourceTree = "<group>";
		};
/* End PBXGroup section */

/* Begin PBXNativeTarget section */
		FD2619F62D78652900AA2478 /* stitingWork */ = {
			isa = PBXNativeTarget;
			buildConfigurationList = FD2619FE2D78652900AA2478 /* Build configuration list for PBXNativeTarget "stitingWork" */;
			buildPhases = (
				FD2619F32D78652900AA2478 /* Sources */,
				FD2619F42D78652900AA2478 /* Frameworks */,
				FD2619F52D78652900AA2478 /* CopyFiles */,
			);
			buildRules = (
			);
			dependencies = (
			);
			name = stitingWork;
			productName = stitingWork;
			productReference = FD2619F72D78652900AA2478 /* stitingWork */;
			productType = "com.apple.product-type.tool";
		};
/* End PBXNativeTarget section */

/* Begin PBXProject section */
		FD2619EF2D78652900AA2478 /* Project object */ = {
			isa = PBXProject;
			attributes = {
				BuildIndependentTargetsInParallel = 1;
				LastSwiftUpdateCheck = 1520;
				LastUpgradeCheck = 1520;
				TargetAttributes = {
					FD2619F62D78652900AA2478 = {
						CreatedOnToolsVersion = 15.2;
					};
				};
			};
			buildConfigurationList = FD2619F22D78652900AA2478 /* Build configuration list for PBXProject "stitingWork" */;
			compatibilityVersion = "Xcode 14.0";
			developmentRegion = en;
			hasScannedForEncodings = 0;
			knownRegions = (
				en,
				Base,
			);
			mainGroup = FD2619EE2D78652900AA2478;
			productRefGroup = FD2619F82D78652900AA2478 /* Products */;
			projectDirPath = "";
			projectRoot = "";
			targets = (
				FD2619F62D78652900AA2478 /* stitingWork */,
			);
		};
/* End PBXProject section */

/* Begin PBXSourcesBuildPhase section */
		FD2619F32D78652900AA2478 /* Sources */ = {
			isa = PBXSourcesBuildPhase;
			buildActionMask = 2147483647;
			files = (
				FDE5CE482D79E68E00532EBD /* indirect_enum.swift in Sources */,
				FDE5CE4C2D79EA7800532EBD /* task_closures.swift in Sources */,
				FD53FCAD2D7B21F40055E4CB /* keyPath.swift in Sources */,
				FD53FCB22D7B383B0055E4CB /* extensions.swift in Sources */,
				FD00BD752D79BDA00067EA83 /* enum.swift in Sources */,
				FD2619FB2D78652900AA2478 /* main.swift in Sources */,
				FDE5CE462D79E07F00532EBD /* assotiated_type_with_enum.swift in Sources */,
			);
			runOnlyForDeploymentPostprocessing = 0;
		};
/* End PBXSourcesBuildPhase section */

/* Begin XCBuildConfiguration section */
		FD2619FC2D78652900AA2478 /* Debug */ = {
			isa = XCBuildConfiguration;
			buildSettings = {
				ALWAYS_SEARCH_USER_PATHS = NO;
				ASSETCATALOG_COMPILER_GENERATE_SWIFT_ASSET_SYMBOL_EXTENSIONS = YES;
				CLANG_ANALYZER_NONNULL = YES;
				CLANG_ANALYZER_NUMBER_OBJECT_CONVERSION = YES_AGGRESSIVE;
				CLANG_CXX_LANGUAGE_STANDARD = "gnu++20";
				CLANG_ENABLE_MODULES = YES;
				CLANG_ENABLE_OBJC_ARC = YES;
				CLANG_ENABLE_OBJC_WEAK = YES;
				CLANG_WARN_BLOCK_CAPTURE_AUTORELEASING = YES;
				CLANG_WARN_BOOL_CONVERSION = YES;
				CLANG_WARN_COMMA = YES;
				CLANG_WARN_CONSTANT_CONVERSION = YES;
				CLANG_WARN_DEPRECATED_OBJC_IMPLEMENTATIONS = YES;
				CLANG_WARN_DIRECT_OBJC_ISA_USAGE = YES_ERROR;
				CLANG_WARN_DOCUMENTATION_COMMENTS = YES;
				CLANG_WARN_EMPTY_BODY = YES;
				CLANG_WARN_ENUM_CONVERSION = YES;
				CLANG_WARN_INFINITE_RECURSION = YES;
				CLANG_WARN_INT_CONVERSION = YES;
				CLANG_WARN_NON_LITERAL_NULL_CONVERSION = YES;
				CLANG_WARN_OBJC_IMPLICIT_RETAIN_SELF = YES;
				CLANG_WARN_OBJC_LITERAL_CONVERSION = YES;
				CLANG_WARN_OBJC_ROOT_CLASS = YES_ERROR;
				CLANG_WARN_QUOTED_INCLUDE_IN_FRAMEWORK_HEADER = YES;
				CLANG_WARN_RANGE_LOOP_ANALYSIS = YES;
				CLANG_WARN_STRICT_PROTOTYPES = YES;
				CLANG_WARN_SUSPICIOUS_MOVE = YES;
				CLANG_WARN_UNGUARDED_AVAILABILITY = YES_AGGRESSIVE;
				CLANG_WARN_UNREACHABLE_CODE = YES;
				CLANG_WARN__DUPLICATE_METHOD_MATCH = YES;
				COPY_PHASE_STRIP = NO;
				DEBUG_INFORMATION_FORMAT = dwarf;
				ENABLE_STRICT_OBJC_MSGSEND = YES;
				ENABLE_TESTABILITY = YES;
				ENABLE_USER_SCRIPT_SANDBOXING = YES;
				GCC_C_LANGUAGE_STANDARD = gnu17;
				GCC_DYNAMIC_NO_PIC = NO;
				GCC_NO_COMMON_BLOCKS = YES;
				GCC_OPTIMIZATION_LEVEL = 0;
				GCC_PREPROCESSOR_DEFINITIONS = (
					"DEBUG=1",
					"$(inherited)",
				);
				GCC_WARN_64_TO_32_BIT_CONVERSION = YES;
				GCC_WARN_ABOUT_RETURN_TYPE = YES_ERROR;
				GCC_WARN_UNDECLARED_SELECTOR = YES;
				GCC_WARN_UNINITIALIZED_AUTOS = YES_AGGRESSIVE;
				GCC_WARN_UNUSED_FUNCTION = YES;
				GCC_WARN_UNUSED_VARIABLE = YES;
				LOCALIZATION_PREFERS_STRING_CATALOGS = YES;
				MACOSX_DEPLOYMENT_TARGET = 13.6;
				MTL_ENABLE_DEBUG_INFO = INCLUDE_SOURCE;
				MTL_FAST_MATH = YES;
				ONLY_ACTIVE_ARCH = YES;
				SDKROOT = macosx;
				SWIFT_ACTIVE_COMPILATION_CONDITIONS = "DEBUG $(inherited)";
				SWIFT_OPTIMIZATION_LEVEL = "-Onone";
			};
			name = Debug;
		};
		FD2619FD2D78652900AA2478 /* Release */ = {
			isa = XCBuildConfiguration;
			buildSettings = {
				ALWAYS_SEARCH_USER_PATHS = NO;
				ASSETCATALOG_COMPILER_GENERATE_SWIFT_ASSET_SYMBOL_EXTENSIONS = YES;
				CLANG_ANALYZER_NONNULL = YES;
				CLANG_ANALYZER_NUMBER_OBJECT_CONVERSION = YES_AGGRESSIVE;
				CLANG_CXX_LANGUAGE_STANDARD = "gnu++20";
				CLANG_ENABLE_MODULES = YES;
				CLANG_ENABLE_OBJC_ARC = YES;
				CLANG_ENABLE_OBJC_WEAK = YES;
				CLANG_WARN_BLOCK_CAPTURE_AUTORELEASING = YES;
				CLANG_WARN_BOOL_CONVERSION = YES;
				CLANG_WARN_COMMA = YES;
				CLANG_WARN_CONSTANT_CONVERSION = YES;
				CLANG_WARN_DEPRECATED_OBJC_IMPLEMENTATIONS = YES;
				CLANG_WARN_DIRECT_OBJC_ISA_USAGE = YES_ERROR;
				CLANG_WARN_DOCUMENTATION_COMMENTS = YES;
				CLANG_WARN_EMPTY_BODY = YES;
				CLANG_WARN_ENUM_CONVERSION = YES;
				CLANG_WARN_INFINITE_RECURSION = YES;
				CLANG_WARN_INT_CONVERSION = YES;
				CLANG_WARN_NON_LITERAL_NULL_CONVERSION = YES;
				CLANG_WARN_OBJC_IMPLICIT_RETAIN_SELF = YES;
				CLANG_WARN_OBJC_LITERAL_CONVERSION = YES;
				CLANG_WARN_OBJC_ROOT_CLASS = YES_ERROR;
				CLANG_WARN_QUOTED_INCLUDE_IN_FRAMEWORK_HEADER = YES;
				CLANG_WARN_RANGE_LOOP_ANALYSIS = YES;
				CLANG_WARN_STRICT_PROTOTYPES = YES;
				CLANG_WARN_SUSPICIOUS_MOVE = YES;
				CLANG_WARN_UNGUARDED_AVAILABILITY = YES_AGGRESSIVE;
				CLANG_WARN_UNREACHABLE_CODE = YES;
				CLANG_WARN__DUPLICATE_METHOD_MATCH = YES;
				COPY_PHASE_STRIP = NO;
				DEBUG_INFORMATION_FORMAT = "dwarf-with-dsym";
				ENABLE_NS_ASSERTIONS = NO;
				ENABLE_STRICT_OBJC_MSGSEND = YES;
				ENABLE_USER_SCRIPT_SANDBOXING = YES;
				GCC_C_LANGUAGE_STANDARD = gnu17;
				GCC_NO_COMMON_BLOCKS = YES;
				GCC_WARN_64_TO_32_BIT_CONVERSION = YES;
				GCC_WARN_ABOUT_RETURN_TYPE = YES_ERROR;
				GCC_WARN_UNDECLARED_SELECTOR = YES;
				GCC_WARN_UNINITIALIZED_AUTOS = YES_AGGRESSIVE;
				GCC_WARN_UNUSED_FUNCTION = YES;
				GCC_WARN_UNUSED_VARIABLE = YES;
				LOCALIZATION_PREFERS_STRING_CATALOGS = YES;
				MACOSX_DEPLOYMENT_TARGET = 13.6;
				MTL_ENABLE_DEBUG_INFO = NO;
				MTL_FAST_MATH = YES;
				SDKROOT = macosx;
				SWIFT_COMPILATION_MODE = wholemodule;
			};
			name = Release;
		};
		FD2619FF2D78652900AA2478 /* Debug */ = {
			isa = XCBuildConfiguration;
			buildSettings = {
				CODE_SIGN_STYLE = Automatic;
				PRODUCT_NAME = "$(TARGET_NAME)";
				SWIFT_VERSION = 5.0;
			};
			name = Debug;
		};
		FD261A002D78652900AA2478 /* Release */ = {
			isa = XCBuildConfiguration;
			buildSettings = {
				CODE_SIGN_STYLE = Automatic;
				PRODUCT_NAME = "$(TARGET_NAME)";
				SWIFT_VERSION = 5.0;
			};
			name = Release;
		};
/* End XCBuildConfiguration section */

/* Begin XCConfigurationList section */
		FD2619F22D78652900AA2478 /* Build configuration list for PBXProject "stitingWork" */ = {
			isa = XCConfigurationList;
			buildConfigurations = (
				FD2619FC2D78652900AA2478 /* Debug */,
				FD2619FD2D78652900AA2478 /* Release */,
			);
			defaultConfigurationIsVisible = 0;
			defaultConfigurationName = Release;
		};
		FD2619FE2D78652900AA2478 /* Build configuration list for PBXNativeTarget "stitingWork" */ = {
			isa = XCConfigurationList;
			buildConfigurations = (
				FD2619FF2D78652900AA2478 /* Debug */,
				FD261A002D78652900AA2478 /* Release */,
			);
			defaultConfigurationIsVisible = 0;
			defaultConfigurationName = Release;
		};
/* End XCConfigurationList section */
	};
	rootObject = FD2619EF2D78652900AA2478 /* Project object */;
}
